
Microsoft Visual Studio Solution File, Format Version 12.00
# Visual Studio 15
VisualStudioVersion = 15.0.28307.271
MinimumVisualStudioVersion = 14.0.23107.0
Project("{9A19103F-16F7-4668-BE54-9A1E7A4F7556}") = "MyGame.Windows", "MyGame.Windows\MyGame.Windows.csproj", "{D25E4828-E8BC-45DB-9BB4-EAE4761E37D4}"
EndProject
Project("{9A19103F-16F7-4668-BE54-9A1E7A4F7556}") = "MyGame", "MyGame\MyGame.csproj", "{721DE86D-F618-4042-9AF5-933775939547}"
EndProject
Global
	GlobalSection(SolutionConfigurationPlatforms) = preSolution
		Debug|Any CPU = Debug|Any CPU
		Release|Any CPU = Release|Any CPU
	EndGlobalSection
	GlobalSection(ProjectConfigurationPlatforms) = postSolution
		{D25E4828-E8BC-45DB-9BB4-EAE4761E37D4}.Debug|Any CPU.ActiveCfg = Debug|Any CPU
		{D25E4828-E8BC-45DB-9BB4-EAE4761E37D4}.Debug|Any CPU.Build.0 = Debug|Any CPU
		{D25E4828-E8BC-45DB-9BB4-EAE4761E37D4}.Release|Any CPU.ActiveCfg = Release|Any CPU
		{D25E4828-E8BC-45DB-9BB4-EAE4761E37D4}.Release|Any CPU.Build.0 = Release|Any CPU
		{721DE86D-F618-4042-9AF5-933775939547}.Debug|Any CPU.ActiveCfg = Debug|Any CPU
		{721DE86D-F618-4042-9AF5-933775939547}.Debug|Any CPU.Build.0 = Debug|Any CPU
		{721DE86D-F618-4042-9AF5-933775939547}.Release|Any CPU.ActiveCfg = Release|Any CPU
		{721DE86D-F618-4042-9AF5-933775939547}.Release|Any CPU.Build.0 = Release|Any CPU
	EndGlobalSection
	GlobalSection(SolutionProperties) = preSolution
		HideSolutionNode = FALSE
	EndGlobalSection
	GlobalSection(ExtensibilityGlobals) = postSolution
		SolutionGuid = {4A86C1FB-AE8C-48B3-AFBB-CB81F356BAAD}
	EndGlobalSection
EndGlobal
