
Microsoft Visual Studio Solution File, Format Version 12.00
# Visual Studio 15
VisualStudioVersion = 15.0.28307.271
MinimumVisualStudioVersion = 14.0.23107.0
Project("{9A19103F-16F7-4668-BE54-9A1E7A4F7556}") = "MyGame.Windows", "MyGame.Windows\MyGame.Windows.csproj", "{AF31225B-193C-4E4A-ABBC-A174104CC64D}"
EndProject
Project("{9A19103F-16F7-4668-BE54-9A1E7A4F7556}") = "MyGame", "MyGame\MyGame.csproj", "{3F787B2D-3E5F-4F8E-A6AE-BA0333691F16}"
EndProject
Global
	GlobalSection(SolutionConfigurationPlatforms) = preSolution
		Debug|Any CPU = Debug|Any CPU
		Release|Any CPU = Release|Any CPU
	EndGlobalSection
	GlobalSection(ProjectConfigurationPlatforms) = postSolution
		{AF31225B-193C-4E4A-ABBC-A174104CC64D}.Debug|Any CPU.ActiveCfg = Debug|Any CPU
		{AF31225B-193C-4E4A-ABBC-A174104CC64D}.Debug|Any CPU.Build.0 = Debug|Any CPU
		{AF31225B-193C-4E4A-ABBC-A174104CC64D}.Release|Any CPU.ActiveCfg = Release|Any CPU
		{AF31225B-193C-4E4A-ABBC-A174104CC64D}.Release|Any CPU.Build.0 = Release|Any CPU
		{3F787B2D-3E5F-4F8E-A6AE-BA0333691F16}.Debug|Any CPU.ActiveCfg = Debug|Any CPU
		{3F787B2D-3E5F-4F8E-A6AE-BA0333691F16}.Debug|Any CPU.Build.0 = Debug|Any CPU
		{3F787B2D-3E5F-4F8E-A6AE-BA0333691F16}.Release|Any CPU.ActiveCfg = Release|Any CPU
		{3F787B2D-3E5F-4F8E-A6AE-BA0333691F16}.Release|Any CPU.Build.0 = Release|Any CPU
	EndGlobalSection
	GlobalSection(SolutionProperties) = preSolution
		HideSolutionNode = FALSE
	EndGlobalSection
	GlobalSection(ExtensibilityGlobals) = postSolution
		SolutionGuid = {AA487A47-2704-470B-87F2-4EE7942D337B}
	EndGlobalSection
EndGlobal
