
Microsoft Visual Studio Solution File, Format Version 12.00
# Visual Studio 15
VisualStudioVersion = 15.0.27428.2027
MinimumVisualStudioVersion = 14.0.23107.0
Project("{2150E333-8FDC-42A3-9474-1A3956D46DE8}") = "MyGame", "MyGame", "{F7C7114B-CEF3-44F6-9765-6DE8B40B85DD}"
	ProjectSection(SiliconStudioPackage) = preProject
		MyGame/MyGame.xkpkg = MyGame/MyGame.xkpkg
	EndProjectSection
EndProject
Project("{FAE04EC0-301F-11D3-BF4B-00C04F79EFBC}") = "MyGame.Windows", "MyGame\MyGame.Windows\MyGame.Windows.csproj", "{5A87EB25-B971-4BAE-9043-8E9D3197D529}"
EndProject
Project("{FAE04EC0-301F-11D3-BF4B-00C04F79EFBC}") = "MyGame.Game", "MyGame\MyGame.Game\MyGame.Game.csproj", "{F32F5CE0-3689-4C73-87C2-E5E419E23EE7}"
EndProject
Project("{FAE04EC0-301F-11D3-BF4B-00C04F79EFBC}") = "MyGame.MyLibrary", "MyGame\MyGame.MyLibrary\MyGame.MyLibrary.csproj", "{A8F10992-D516-42D9-A221-88ADF196B6CE}"
EndProject
Global
	GlobalSection(SolutionConfigurationPlatforms) = preSolution
		AppStore|Any CPU = AppStore|Any CPU
		AppStore|Mixed Platforms = AppStore|Mixed Platforms
		AppStore|Windows = AppStore|Windows
		CoreCLR_Debug|Any CPU = CoreCLR_Debug|Any CPU
		CoreCLR_Debug|Mixed Platforms = CoreCLR_Debug|Mixed Platforms
		CoreCLR_Debug|Windows = CoreCLR_Debug|Windows
		CoreCLR_Release|Any CPU = CoreCLR_Release|Any CPU
		CoreCLR_Release|Mixed Platforms = CoreCLR_Release|Mixed Platforms
		CoreCLR_Release|Windows = CoreCLR_Release|Windows
		Debug|Any CPU = Debug|Any CPU
		Debug|Mixed Platforms = Debug|Mixed Platforms
		Debug|Windows = Debug|Windows
		Release|Any CPU = Release|Any CPU
		Release|Mixed Platforms = Release|Mixed Platforms
		Release|Windows = Release|Windows
		Testing|Any CPU = Testing|Any CPU
		Testing|Mixed Platforms = Testing|Mixed Platforms
		Testing|Windows = Testing|Windows
	EndGlobalSection
	GlobalSection(ProjectConfigurationPlatforms) = postSolution
		{5A87EB25-B971-4BAE-9043-8E9D3197D529}.AppStore|Any CPU.ActiveCfg = AppStore|Any CPU
		{5A87EB25-B971-4BAE-9043-8E9D3197D529}.AppStore|Any CPU.Build.0 = AppStore|Any CPU
		{5A87EB25-B971-4BAE-9043-8E9D3197D529}.AppStore|Any CPU.Deploy.0 = AppStore|Any CPU
		{5A87EB25-B971-4BAE-9043-8E9D3197D529}.AppStore|Mixed Platforms.ActiveCfg = AppStore|Any CPU
		{5A87EB25-B971-4BAE-9043-8E9D3197D529}.AppStore|Mixed Platforms.Build.0 = AppStore|Any CPU
		{5A87EB25-B971-4BAE-9043-8E9D3197D529}.AppStore|Mixed Platforms.Deploy.0 = AppStore|Any CPU
		{5A87EB25-B971-4BAE-9043-8E9D3197D529}.AppStore|Windows.ActiveCfg = AppStore|Any CPU
		{5A87EB25-B971-4BAE-9043-8E9D3197D529}.AppStore|Windows.Build.0 = AppStore|Any CPU
		{5A87EB25-B971-4BAE-9043-8E9D3197D529}.AppStore|Windows.Deploy.0 = AppStore|Any CPU
		{5A87EB25-B971-4BAE-9043-8E9D3197D529}.CoreCLR_Debug|Any CPU.ActiveCfg = CoreCLR_Debug|Any CPU
		{5A87EB25-B971-4BAE-9043-8E9D3197D529}.CoreCLR_Debug|Any CPU.Build.0 = CoreCLR_Debug|Any CPU
		{5A87EB25-B971-4BAE-9043-8E9D3197D529}.CoreCLR_Debug|Any CPU.Deploy.0 = CoreCLR_Debug|Any CPU
		{5A87EB25-B971-4BAE-9043-8E9D3197D529}.CoreCLR_Debug|Mixed Platforms.ActiveCfg = CoreCLR_Debug|Any CPU
		{5A87EB25-B971-4BAE-9043-8E9D3197D529}.CoreCLR_Debug|Mixed Platforms.Build.0 = CoreCLR_Debug|Any CPU
		{5A87EB25-B971-4BAE-9043-8E9D3197D529}.CoreCLR_Debug|Mixed Platforms.Deploy.0 = CoreCLR_Debug|Any CPU
		{5A87EB25-B971-4BAE-9043-8E9D3197D529}.CoreCLR_Debug|Windows.ActiveCfg = CoreCLR_Debug|Any CPU
		{5A87EB25-B971-4BAE-9043-8E9D3197D529}.CoreCLR_Debug|Windows.Build.0 = CoreCLR_Debug|Any CPU
		{5A87EB25-B971-4BAE-9043-8E9D3197D529}.CoreCLR_Debug|Windows.Deploy.0 = CoreCLR_Debug|Any CPU
		{5A87EB25-B971-4BAE-9043-8E9D3197D529}.CoreCLR_Release|Any CPU.ActiveCfg = CoreCLR_Release|Any CPU
		{5A87EB25-B971-4BAE-9043-8E9D3197D529}.CoreCLR_Release|Any CPU.Build.0 = CoreCLR_Release|Any CPU
		{5A87EB25-B971-4BAE-9043-8E9D3197D529}.CoreCLR_Release|Any CPU.Deploy.0 = CoreCLR_Release|Any CPU
		{5A87EB25-B971-4BAE-9043-8E9D3197D529}.CoreCLR_Release|Mixed Platforms.ActiveCfg = CoreCLR_Release|Any CPU
		{5A87EB25-B971-4BAE-9043-8E9D3197D529}.CoreCLR_Release|Mixed Platforms.Build.0 = CoreCLR_Release|Any CPU
		{5A87EB25-B971-4BAE-9043-8E9D3197D529}.CoreCLR_Release|Mixed Platforms.Deploy.0 = CoreCLR_Release|Any CPU
		{5A87EB25-B971-4BAE-9043-8E9D3197D529}.CoreCLR_Release|Windows.ActiveCfg = CoreCLR_Release|Any CPU
		{5A87EB25-B971-4BAE-9043-8E9D3197D529}.CoreCLR_Release|Windows.Build.0 = CoreCLR_Release|Any CPU
		{5A87EB25-B971-4BAE-9043-8E9D3197D529}.CoreCLR_Release|Windows.Deploy.0 = CoreCLR_Release|Any CPU
		{5A87EB25-B971-4BAE-9043-8E9D3197D529}.Debug|Any CPU.ActiveCfg = Debug|Any CPU
		{5A87EB25-B971-4BAE-9043-8E9D3197D529}.Debug|Any CPU.Build.0 = Debug|Any CPU
		{5A87EB25-B971-4BAE-9043-8E9D3197D529}.Debug|Any CPU.Deploy.0 = Debug|Any CPU
		{5A87EB25-B971-4BAE-9043-8E9D3197D529}.Debug|Mixed Platforms.ActiveCfg = Debug|Any CPU
		{5A87EB25-B971-4BAE-9043-8E9D3197D529}.Debug|Mixed Platforms.Build.0 = Debug|Any CPU
		{5A87EB25-B971-4BAE-9043-8E9D3197D529}.Debug|Mixed Platforms.Deploy.0 = Debug|Any CPU
		{5A87EB25-B971-4BAE-9043-8E9D3197D529}.Debug|Windows.ActiveCfg = Debug|Any CPU
		{5A87EB25-B971-4BAE-9043-8E9D3197D529}.Debug|Windows.Build.0 = Debug|Any CPU
		{5A87EB25-B971-4BAE-9043-8E9D3197D529}.Debug|Windows.Deploy.0 = Debug|Any CPU
		{5A87EB25-B971-4BAE-9043-8E9D3197D529}.Release|Any CPU.ActiveCfg = Release|Any CPU
		{5A87EB25-B971-4BAE-9043-8E9D3197D529}.Release|Any CPU.Build.0 = Release|Any CPU
		{5A87EB25-B971-4BAE-9043-8E9D3197D529}.Release|Any CPU.Deploy.0 = Release|Any CPU
		{5A87EB25-B971-4BAE-9043-8E9D3197D529}.Release|Mixed Platforms.ActiveCfg = Release|Any CPU
		{5A87EB25-B971-4BAE-9043-8E9D3197D529}.Release|Mixed Platforms.Build.0 = Release|Any CPU
		{5A87EB25-B971-4BAE-9043-8E9D3197D529}.Release|Mixed Platforms.Deploy.0 = Release|Any CPU
		{5A87EB25-B971-4BAE-9043-8E9D3197D529}.Release|Windows.ActiveCfg = Release|Any CPU
		{5A87EB25-B971-4BAE-9043-8E9D3197D529}.Release|Windows.Build.0 = Release|Any CPU
		{5A87EB25-B971-4BAE-9043-8E9D3197D529}.Release|Windows.Deploy.0 = Release|Any CPU
		{5A87EB25-B971-4BAE-9043-8E9D3197D529}.Testing|Any CPU.ActiveCfg = Testing|Any CPU
		{5A87EB25-B971-4BAE-9043-8E9D3197D529}.Testing|Any CPU.Build.0 = Testing|Any CPU
		{5A87EB25-B971-4BAE-9043-8E9D3197D529}.Testing|Any CPU.Deploy.0 = Testing|Any CPU
		{5A87EB25-B971-4BAE-9043-8E9D3197D529}.Testing|Mixed Platforms.ActiveCfg = Testing|Any CPU
		{5A87EB25-B971-4BAE-9043-8E9D3197D529}.Testing|Mixed Platforms.Build.0 = Testing|Any CPU
		{5A87EB25-B971-4BAE-9043-8E9D3197D529}.Testing|Mixed Platforms.Deploy.0 = Testing|Any CPU
		{5A87EB25-B971-4BAE-9043-8E9D3197D529}.Testing|Windows.ActiveCfg = Testing|Any CPU
		{5A87EB25-B971-4BAE-9043-8E9D3197D529}.Testing|Windows.Build.0 = Testing|Any CPU
		{5A87EB25-B971-4BAE-9043-8E9D3197D529}.Testing|Windows.Deploy.0 = Testing|Any CPU
		{F32F5CE0-3689-4C73-87C2-E5E419E23EE7}.AppStore|Any CPU.ActiveCfg = AppStore|Any CPU
		{F32F5CE0-3689-4C73-87C2-E5E419E23EE7}.AppStore|Any CPU.Build.0 = AppStore|Any CPU
		{F32F5CE0-3689-4C73-87C2-E5E419E23EE7}.AppStore|Mixed Platforms.ActiveCfg = AppStore|Any CPU
		{F32F5CE0-3689-4C73-87C2-E5E419E23EE7}.AppStore|Mixed Platforms.Build.0 = AppStore|Any CPU
		{F32F5CE0-3689-4C73-87C2-E5E419E23EE7}.AppStore|Windows.ActiveCfg = AppStore|Any CPU
		{F32F5CE0-3689-4C73-87C2-E5E419E23EE7}.AppStore|Windows.Build.0 = AppStore|Any CPU
		{F32F5CE0-3689-4C73-87C2-E5E419E23EE7}.CoreCLR_Debug|Any CPU.ActiveCfg = CoreCLR_Debug|Any CPU
		{F32F5CE0-3689-4C73-87C2-E5E419E23EE7}.CoreCLR_Debug|Any CPU.Build.0 = CoreCLR_Debug|Any CPU
		{F32F5CE0-3689-4C73-87C2-E5E419E23EE7}.CoreCLR_Debug|Mixed Platforms.ActiveCfg = CoreCLR_Debug|Any CPU
		{F32F5CE0-3689-4C73-87C2-E5E419E23EE7}.CoreCLR_Debug|Mixed Platforms.Build.0 = CoreCLR_Debug|Any CPU
		{F32F5CE0-3689-4C73-87C2-E5E419E23EE7}.CoreCLR_Debug|Windows.ActiveCfg = CoreCLR_Debug|Any CPU
		{F32F5CE0-3689-4C73-87C2-E5E419E23EE7}.CoreCLR_Debug|Windows.Build.0 = CoreCLR_Debug|Any CPU
		{F32F5CE0-3689-4C73-87C2-E5E419E23EE7}.CoreCLR_Release|Any CPU.ActiveCfg = CoreCLR_Release|Any CPU
		{F32F5CE0-3689-4C73-87C2-E5E419E23EE7}.CoreCLR_Release|Any CPU.Build.0 = CoreCLR_Release|Any CPU
		{F32F5CE0-3689-4C73-87C2-E5E419E23EE7}.CoreCLR_Release|Mixed Platforms.ActiveCfg = CoreCLR_Release|Any CPU
		{F32F5CE0-3689-4C73-87C2-E5E419E23EE7}.CoreCLR_Release|Mixed Platforms.Build.0 = CoreCLR_Release|Any CPU
		{F32F5CE0-3689-4C73-87C2-E5E419E23EE7}.CoreCLR_Release|Windows.ActiveCfg = CoreCLR_Release|Any CPU
		{F32F5CE0-3689-4C73-87C2-E5E419E23EE7}.CoreCLR_Release|Windows.Build.0 = CoreCLR_Release|Any CPU
		{F32F5CE0-3689-4C73-87C2-E5E419E23EE7}.Debug|Any CPU.ActiveCfg = Debug|Any CPU
		{F32F5CE0-3689-4C73-87C2-E5E419E23EE7}.Debug|Any CPU.Build.0 = Debug|Any CPU
		{F32F5CE0-3689-4C73-87C2-E5E419E23EE7}.Debug|Mixed Platforms.ActiveCfg = Debug|Any CPU
		{F32F5CE0-3689-4C73-87C2-E5E419E23EE7}.Debug|Mixed Platforms.Build.0 = Debug|Any CPU
		{F32F5CE0-3689-4C73-87C2-E5E419E23EE7}.Debug|Windows.ActiveCfg = Debug|Any CPU
		{F32F5CE0-3689-4C73-87C2-E5E419E23EE7}.Debug|Windows.Build.0 = Debug|Any CPU
		{F32F5CE0-3689-4C73-87C2-E5E419E23EE7}.Release|Any CPU.ActiveCfg = Release|Any CPU
		{F32F5CE0-3689-4C73-87C2-E5E419E23EE7}.Release|Any CPU.Build.0 = Release|Any CPU
		{F32F5CE0-3689-4C73-87C2-E5E419E23EE7}.Release|Mixed Platforms.ActiveCfg = Release|Any CPU
		{F32F5CE0-3689-4C73-87C2-E5E419E23EE7}.Release|Mixed Platforms.Build.0 = Release|Any CPU
		{F32F5CE0-3689-4C73-87C2-E5E419E23EE7}.Release|Windows.ActiveCfg = Release|Any CPU
		{F32F5CE0-3689-4C73-87C2-E5E419E23EE7}.Release|Windows.Build.0 = Release|Any CPU
		{F32F5CE0-3689-4C73-87C2-E5E419E23EE7}.Testing|Any CPU.ActiveCfg = Testing|Any CPU
		{F32F5CE0-3689-4C73-87C2-E5E419E23EE7}.Testing|Any CPU.Build.0 = Testing|Any CPU
		{F32F5CE0-3689-4C73-87C2-E5E419E23EE7}.Testing|Mixed Platforms.ActiveCfg = Testing|Any CPU
		{F32F5CE0-3689-4C73-87C2-E5E419E23EE7}.Testing|Mixed Platforms.Build.0 = Testing|Any CPU
		{F32F5CE0-3689-4C73-87C2-E5E419E23EE7}.Testing|Windows.ActiveCfg = Testing|Any CPU
		{F32F5CE0-3689-4C73-87C2-E5E419E23EE7}.Testing|Windows.Build.0 = Testing|Any CPU
		{A8F10992-D516-42D9-A221-88ADF196B6CE}.AppStore|Any CPU.ActiveCfg = AppStore|Any CPU
		{A8F10992-D516-42D9-A221-88ADF196B6CE}.AppStore|Any CPU.Build.0 = AppStore|Any CPU
		{A8F10992-D516-42D9-A221-88ADF196B6CE}.AppStore|Mixed Platforms.ActiveCfg = AppStore|Any CPU
		{A8F10992-D516-42D9-A221-88ADF196B6CE}.AppStore|Mixed Platforms.Build.0 = AppStore|Any CPU
		{A8F10992-D516-42D9-A221-88ADF196B6CE}.AppStore|Windows.ActiveCfg = AppStore|Any CPU
		{A8F10992-D516-42D9-A221-88ADF196B6CE}.AppStore|Windows.Build.0 = AppStore|Any CPU
		{A8F10992-D516-42D9-A221-88ADF196B6CE}.CoreCLR_Debug|Any CPU.ActiveCfg = CoreCLR_Debug|Any CPU
		{A8F10992-D516-42D9-A221-88ADF196B6CE}.CoreCLR_Debug|Any CPU.Build.0 = CoreCLR_Debug|Any CPU
		{A8F10992-D516-42D9-A221-88ADF196B6CE}.CoreCLR_Debug|Mixed Platforms.ActiveCfg = CoreCLR_Debug|Any CPU
		{A8F10992-D516-42D9-A221-88ADF196B6CE}.CoreCLR_Debug|Mixed Platforms.Build.0 = CoreCLR_Debug|Any CPU
		{A8F10992-D516-42D9-A221-88ADF196B6CE}.CoreCLR_Debug|Windows.ActiveCfg = CoreCLR_Debug|Any CPU
		{A8F10992-D516-42D9-A221-88ADF196B6CE}.CoreCLR_Debug|Windows.Build.0 = CoreCLR_Debug|Any CPU
		{A8F10992-D516-42D9-A221-88ADF196B6CE}.CoreCLR_Release|Any CPU.ActiveCfg = CoreCLR_Release|Any CPU
		{A8F10992-D516-42D9-A221-88ADF196B6CE}.CoreCLR_Release|Any CPU.Build.0 = CoreCLR_Release|Any CPU
		{A8F10992-D516-42D9-A221-88ADF196B6CE}.CoreCLR_Release|Mixed Platforms.ActiveCfg = CoreCLR_Release|Any CPU
		{A8F10992-D516-42D9-A221-88ADF196B6CE}.CoreCLR_Release|Mixed Platforms.Build.0 = CoreCLR_Release|Any CPU
		{A8F10992-D516-42D9-A221-88ADF196B6CE}.CoreCLR_Release|Windows.ActiveCfg = CoreCLR_Release|Any CPU
		{A8F10992-D516-42D9-A221-88ADF196B6CE}.CoreCLR_Release|Windows.Build.0 = CoreCLR_Release|Any CPU
		{A8F10992-D516-42D9-A221-88ADF196B6CE}.Debug|Any CPU.ActiveCfg = Debug|Any CPU
		{A8F10992-D516-42D9-A221-88ADF196B6CE}.Debug|Any CPU.Build.0 = Debug|Any CPU
		{A8F10992-D516-42D9-A221-88ADF196B6CE}.Debug|Mixed Platforms.ActiveCfg = Debug|Any CPU
		{A8F10992-D516-42D9-A221-88ADF196B6CE}.Debug|Mixed Platforms.Build.0 = Debug|Any CPU
		{A8F10992-D516-42D9-A221-88ADF196B6CE}.Debug|Windows.ActiveCfg = Debug|Any CPU
		{A8F10992-D516-42D9-A221-88ADF196B6CE}.Debug|Windows.Build.0 = Debug|Any CPU
		{A8F10992-D516-42D9-A221-88ADF196B6CE}.Release|Any CPU.ActiveCfg = Release|Any CPU
		{A8F10992-D516-42D9-A221-88ADF196B6CE}.Release|Any CPU.Build.0 = Release|Any CPU
		{A8F10992-D516-42D9-A221-88ADF196B6CE}.Release|Mixed Platforms.ActiveCfg = Release|Any CPU
		{A8F10992-D516-42D9-A221-88ADF196B6CE}.Release|Mixed Platforms.Build.0 = Release|Any CPU
		{A8F10992-D516-42D9-A221-88ADF196B6CE}.Release|Windows.ActiveCfg = Release|Any CPU
		{A8F10992-D516-42D9-A221-88ADF196B6CE}.Release|Windows.Build.0 = Release|Any CPU
		{A8F10992-D516-42D9-A221-88ADF196B6CE}.Testing|Any CPU.ActiveCfg = Testing|Any CPU
		{A8F10992-D516-42D9-A221-88ADF196B6CE}.Testing|Any CPU.Build.0 = Testing|Any CPU
		{A8F10992-D516-42D9-A221-88ADF196B6CE}.Testing|Mixed Platforms.ActiveCfg = Testing|Any CPU
		{A8F10992-D516-42D9-A221-88ADF196B6CE}.Testing|Mixed Platforms.Build.0 = Testing|Any CPU
		{A8F10992-D516-42D9-A221-88ADF196B6CE}.Testing|Windows.ActiveCfg = Testing|Any CPU
		{A8F10992-D516-42D9-A221-88ADF196B6CE}.Testing|Windows.Build.0 = Testing|Any CPU
	EndGlobalSection
	GlobalSection(SolutionProperties) = preSolution
		HideSolutionNode = FALSE
	EndGlobalSection
	GlobalSection(NestedProjects) = preSolution
		{5A87EB25-B971-4BAE-9043-8E9D3197D529} = {F7C7114B-CEF3-44F6-9765-6DE8B40B85DD}
		{F32F5CE0-3689-4C73-87C2-E5E419E23EE7} = {F7C7114B-CEF3-44F6-9765-6DE8B40B85DD}
		{A8F10992-D516-42D9-A221-88ADF196B6CE} = {F7C7114B-CEF3-44F6-9765-6DE8B40B85DD}
	EndGlobalSection
	GlobalSection(ExtensibilityGlobals) = postSolution
		SolutionGuid = {08DAAD73-B0CC-4F8E-8454-17E316B8BC80}
	EndGlobalSection
EndGlobal
