
Microsoft Visual Studio Solution File, Format Version 12.00
# Visual Studio 15
VisualStudioVersion = 15.0.28307.329
MinimumVisualStudioVersion = 14.0.23107.0
Project("{9A19103F-16F7-4668-BE54-9A1E7A4F7556}") = "TestGame.Windows", "TestGame.Windows\TestGame.Windows.csproj", "{3F69323F-9940-44CE-B173-2AB5335B2056}"
EndProject
Project("{9A19103F-16F7-4668-BE54-9A1E7A4F7556}") = "TestGame", "TestGame\TestGame.csproj", "{AF479382-6072-478C-A56F-5482250E3213}"
EndProject
Project("{2150E333-8FDC-42A3-9474-1A3956D46DE8}") = "VL.Xenko", "VL.Xenko", "{9158E910-DC21-4AB7-A795-972E3EC8E457}"
EndProject
Project("{9A19103F-16F7-4668-BE54-9A1E7A4F7556}") = "VL.Xenko", "..\VL.Xenko\VL.Xenko.csproj", "{F3D29DF4-FA17-42E3-ACEA-C81117C2A08F}"
EndProject
Project("{9A19103F-16F7-4668-BE54-9A1E7A4F7556}") = "VL.Xenko.EffectLib", "..\VL.Xenko.EffectLib\VL.Xenko.EffectLib.csproj", "{5DFEAE99-04C3-4975-A143-E613E94194A0}"
EndProject
Global
	GlobalSection(SolutionConfigurationPlatforms) = preSolution
		Debug|Any CPU = Debug|Any CPU
		Release|Any CPU = Release|Any CPU
	EndGlobalSection
	GlobalSection(ProjectConfigurationPlatforms) = postSolution
		{3F69323F-9940-44CE-B173-2AB5335B2056}.Debug|Any CPU.ActiveCfg = Debug|Any CPU
		{3F69323F-9940-44CE-B173-2AB5335B2056}.Debug|Any CPU.Build.0 = Debug|Any CPU
		{3F69323F-9940-44CE-B173-2AB5335B2056}.Release|Any CPU.ActiveCfg = Release|Any CPU
		{3F69323F-9940-44CE-B173-2AB5335B2056}.Release|Any CPU.Build.0 = Release|Any CPU
		{AF479382-6072-478C-A56F-5482250E3213}.Debug|Any CPU.ActiveCfg = Debug|Any CPU
		{AF479382-6072-478C-A56F-5482250E3213}.Debug|Any CPU.Build.0 = Debug|Any CPU
		{AF479382-6072-478C-A56F-5482250E3213}.Release|Any CPU.ActiveCfg = Release|Any CPU
		{AF479382-6072-478C-A56F-5482250E3213}.Release|Any CPU.Build.0 = Release|Any CPU
		{F3D29DF4-FA17-42E3-ACEA-C81117C2A08F}.Debug|Any CPU.ActiveCfg = Debug|Any CPU
		{F3D29DF4-FA17-42E3-ACEA-C81117C2A08F}.Debug|Any CPU.Build.0 = Debug|Any CPU
		{F3D29DF4-FA17-42E3-ACEA-C81117C2A08F}.Release|Any CPU.ActiveCfg = Release|Any CPU
		{F3D29DF4-FA17-42E3-ACEA-C81117C2A08F}.Release|Any CPU.Build.0 = Release|Any CPU
		{5DFEAE99-04C3-4975-A143-E613E94194A0}.Debug|Any CPU.ActiveCfg = Debug|Any CPU
		{5DFEAE99-04C3-4975-A143-E613E94194A0}.Debug|Any CPU.Build.0 = Debug|Any CPU
		{5DFEAE99-04C3-4975-A143-E613E94194A0}.Release|Any CPU.ActiveCfg = Release|Any CPU
		{5DFEAE99-04C3-4975-A143-E613E94194A0}.Release|Any CPU.Build.0 = Release|Any CPU
	EndGlobalSection
	GlobalSection(SolutionProperties) = preSolution
		HideSolutionNode = FALSE
	EndGlobalSection
	GlobalSection(NestedProjects) = preSolution
		{F3D29DF4-FA17-42E3-ACEA-C81117C2A08F} = {9158E910-DC21-4AB7-A795-972E3EC8E457}
		{5DFEAE99-04C3-4975-A143-E613E94194A0} = {9158E910-DC21-4AB7-A795-972E3EC8E457}
	EndGlobalSection
	GlobalSection(ExtensibilityGlobals) = postSolution
		SolutionGuid = {FA044EEB-D637-4D5B-95BC-D274FD74F9DD}
	EndGlobalSection
EndGlobal
