
Microsoft Visual Studio Solution File, Format Version 12.00
# Visual Studio 15
VisualStudioVersion = 15.0.28307.329
MinimumVisualStudioVersion = 14.0.23107.0
Project("{9A19103F-16F7-4668-BE54-9A1E7A4F7556}") = "TestGame.Windows", "TestGame.Windows\TestGame.Windows.csproj", "{9828A3B6-E59F-4CF3-B163-261258227E7F}"
EndProject
Project("{9A19103F-16F7-4668-BE54-9A1E7A4F7556}") = "TestGame", "TestGame\TestGame.csproj", "{E2A40531-27BF-47C3-8033-7D77B96D14A7}"
EndProject
Project("{9A19103F-16F7-4668-BE54-9A1E7A4F7556}") = "VL.Xenko", "..\VL.Xenko\VL.Xenko.csproj", "{3C517160-3058-4DC2-86CB-2882E73A2160}"
EndProject
Project("{9A19103F-16F7-4668-BE54-9A1E7A4F7556}") = "VL.Xenko.Integration", "..\VL.Xenko.Integration\VL.Xenko.Integration.csproj", "{F958CBD6-1356-46A3-97E6-D624F34F5B37}"
EndProject
Project("{9A19103F-16F7-4668-BE54-9A1E7A4F7556}") = "VL.Xenko.EffectLib", "..\VL.Xenko.EffectLib\VL.Xenko.EffectLib.csproj", "{99D9E803-4186-4871-BFBC-10F4A18554D8}"
EndProject
Global
	GlobalSection(SolutionConfigurationPlatforms) = preSolution
		Debug|Any CPU = Debug|Any CPU
		Release|Any CPU = Release|Any CPU
	EndGlobalSection
	GlobalSection(ProjectConfigurationPlatforms) = postSolution
		{9828A3B6-E59F-4CF3-B163-261258227E7F}.Debug|Any CPU.ActiveCfg = Debug|Any CPU
		{9828A3B6-E59F-4CF3-B163-261258227E7F}.Debug|Any CPU.Build.0 = Debug|Any CPU
		{9828A3B6-E59F-4CF3-B163-261258227E7F}.Release|Any CPU.ActiveCfg = Release|Any CPU
		{9828A3B6-E59F-4CF3-B163-261258227E7F}.Release|Any CPU.Build.0 = Release|Any CPU
		{E2A40531-27BF-47C3-8033-7D77B96D14A7}.Debug|Any CPU.ActiveCfg = Debug|Any CPU
		{E2A40531-27BF-47C3-8033-7D77B96D14A7}.Debug|Any CPU.Build.0 = Debug|Any CPU
		{E2A40531-27BF-47C3-8033-7D77B96D14A7}.Release|Any CPU.ActiveCfg = Release|Any CPU
		{E2A40531-27BF-47C3-8033-7D77B96D14A7}.Release|Any CPU.Build.0 = Release|Any CPU
		{3C517160-3058-4DC2-86CB-2882E73A2160}.Debug|Any CPU.ActiveCfg = Debug|Any CPU
		{3C517160-3058-4DC2-86CB-2882E73A2160}.Debug|Any CPU.Build.0 = Debug|Any CPU
		{3C517160-3058-4DC2-86CB-2882E73A2160}.Release|Any CPU.ActiveCfg = Release|Any CPU
		{3C517160-3058-4DC2-86CB-2882E73A2160}.Release|Any CPU.Build.0 = Release|Any CPU
		{F958CBD6-1356-46A3-97E6-D624F34F5B37}.Debug|Any CPU.ActiveCfg = Debug|Any CPU
		{F958CBD6-1356-46A3-97E6-D624F34F5B37}.Debug|Any CPU.Build.0 = Debug|Any CPU
		{F958CBD6-1356-46A3-97E6-D624F34F5B37}.Release|Any CPU.ActiveCfg = Release|Any CPU
		{F958CBD6-1356-46A3-97E6-D624F34F5B37}.Release|Any CPU.Build.0 = Release|Any CPU
		{99D9E803-4186-4871-BFBC-10F4A18554D8}.Debug|Any CPU.ActiveCfg = Debug|Any CPU
		{99D9E803-4186-4871-BFBC-10F4A18554D8}.Debug|Any CPU.Build.0 = Debug|Any CPU
		{99D9E803-4186-4871-BFBC-10F4A18554D8}.Release|Any CPU.ActiveCfg = Release|Any CPU
		{99D9E803-4186-4871-BFBC-10F4A18554D8}.Release|Any CPU.Build.0 = Release|Any CPU
	EndGlobalSection
	GlobalSection(SolutionProperties) = preSolution
		HideSolutionNode = FALSE
	EndGlobalSection
	GlobalSection(ExtensibilityGlobals) = postSolution
		SolutionGuid = {793A4D4C-F47E-4676-99BD-7F4035D10296}
	EndGlobalSection
EndGlobal
