
Microsoft Visual Studio Solution File, Format Version 12.00
# Visual Studio Version 16
VisualStudioVersion = 16.0.0.0
MinimumVisualStudioVersion = 16.0.0.0
Project("{9A19103F-16F7-4668-BE54-9A1E7A4F7556}") = "XenkoDevTestGame.Windows", "XenkoDevTestGame.Windows\XenkoDevTestGame.Windows.csproj", "{F058976A-DEFA-4F35-9C63-54AB593FF495}"
EndProject
Project("{9A19103F-16F7-4668-BE54-9A1E7A4F7556}") = "XenkoDevTestGame", "XenkoDevTestGame\XenkoDevTestGame.csproj", "{5193EA5A-71B5-407E-810C-89B56035CD42}"
EndProject
Global
	GlobalSection(SolutionConfigurationPlatforms) = preSolution
		Debug|Any CPU = Debug|Any CPU
		Release|Any CPU = Release|Any CPU
	EndGlobalSection
	GlobalSection(ProjectConfigurationPlatforms) = postSolution
		{F058976A-DEFA-4F35-9C63-54AB593FF495}.Debug|Any CPU.ActiveCfg = Debug|Any CPU
		{F058976A-DEFA-4F35-9C63-54AB593FF495}.Debug|Any CPU.Build.0 = Debug|Any CPU
		{F058976A-DEFA-4F35-9C63-54AB593FF495}.Release|Any CPU.ActiveCfg = Release|Any CPU
		{F058976A-DEFA-4F35-9C63-54AB593FF495}.Release|Any CPU.Build.0 = Release|Any CPU
		{5193EA5A-71B5-407E-810C-89B56035CD42}.Debug|Any CPU.ActiveCfg = Debug|Any CPU
		{5193EA5A-71B5-407E-810C-89B56035CD42}.Debug|Any CPU.Build.0 = Debug|Any CPU
		{5193EA5A-71B5-407E-810C-89B56035CD42}.Release|Any CPU.ActiveCfg = Release|Any CPU
		{5193EA5A-71B5-407E-810C-89B56035CD42}.Release|Any CPU.Build.0 = Release|Any CPU
	EndGlobalSection
	GlobalSection(SolutionProperties) = preSolution
		HideSolutionNode = FALSE
	EndGlobalSection
	GlobalSection(ExtensibilityGlobals) = postSolution
		SolutionGuid = {8D0CFB6F-6A9D-4866-87D5-13FFE1046911}
	EndGlobalSection
EndGlobal
