
Microsoft Visual Studio Solution File, Format Version 12.00
# Visual Studio 16
VisualStudioVersion = 16.0.0.0
MinimumVisualStudioVersion = 16.0.0.0
Project("{FAE04EC0-301F-11D3-BF4B-00C04F79EFBC}") = "MyGame.Windows", "MyGame.Windows\MyGame.Windows.csproj", "{B54DB5A1-BEAF-4BBD-8BED-51D5DE19B0D5}"
EndProject
Project("{FAE04EC0-301F-11D3-BF4B-00C04F79EFBC}") = "MyGame", "MyGame\MyGame.csproj", "{064C635E-1FD2-49F4-9B0A-657623215D7E}"
EndProject
Global
EndGlobal
