
Microsoft Visual Studio Solution File, Format Version 12.00
# Visual Studio Version 16
VisualStudioVersion = 16.0.0.0
MinimumVisualStudioVersion = 16.0.0.0
Project("{9A19103F-16F7-4668-BE54-9A1E7A4F7556}") = "MyGame.Windows", "MyGame.Windows\MyGame.Windows.csproj", "{64F89C3B-CE3C-4CA7-941A-C8D60B5BFDCC}"
EndProject
Project("{9A19103F-16F7-4668-BE54-9A1E7A4F7556}") = "MyGame", "MyGame\MyGame.csproj", "{5D7D189D-1833-4420-AF78-F7881CBAACA0}"
EndProject
Global
	GlobalSection(SolutionConfigurationPlatforms) = preSolution
		Debug|Any CPU = Debug|Any CPU
		Release|Any CPU = Release|Any CPU
	EndGlobalSection
	GlobalSection(ProjectConfigurationPlatforms) = postSolution
		{64F89C3B-CE3C-4CA7-941A-C8D60B5BFDCC}.Debug|Any CPU.ActiveCfg = Debug|Any CPU
		{64F89C3B-CE3C-4CA7-941A-C8D60B5BFDCC}.Debug|Any CPU.Build.0 = Debug|Any CPU
		{64F89C3B-CE3C-4CA7-941A-C8D60B5BFDCC}.Release|Any CPU.ActiveCfg = Release|Any CPU
		{64F89C3B-CE3C-4CA7-941A-C8D60B5BFDCC}.Release|Any CPU.Build.0 = Release|Any CPU
		{5D7D189D-1833-4420-AF78-F7881CBAACA0}.Debug|Any CPU.ActiveCfg = Debug|Any CPU
		{5D7D189D-1833-4420-AF78-F7881CBAACA0}.Debug|Any CPU.Build.0 = Debug|Any CPU
		{5D7D189D-1833-4420-AF78-F7881CBAACA0}.Release|Any CPU.ActiveCfg = Release|Any CPU
		{5D7D189D-1833-4420-AF78-F7881CBAACA0}.Release|Any CPU.Build.0 = Release|Any CPU
	EndGlobalSection
	GlobalSection(SolutionProperties) = preSolution
		HideSolutionNode = FALSE
	EndGlobalSection
	GlobalSection(ExtensibilityGlobals) = postSolution
		SolutionGuid = {E768EACB-09CD-47A1-92F6-907E1171FAFB}
	EndGlobalSection
EndGlobal
