Microsoft Visual Studio Solution File, Format Version 12.00
# Visual Studio 15
VisualStudioVersion = 15.0.28010.2046
MinimumVisualStudioVersion = 14.0.23107.0
Project("{2150E333-8FDC-42A3-9474-1A3956D46DE8}") = "MyVLGame", "MyVLGame", "{CF98AC46-080A-4AFE-B154-48046B5A8B33}"
	ProjectSection(XenkoPackage) = preProject
		MyVLGame/MyVLGame.xkpkg = MyVLGame/MyVLGame.xkpkg
	EndProjectSection
EndProject
Project("{9A19103F-16F7-4668-BE54-9A1E7A4F7556}") = "MyVLGame.Windows", "MyVLGame\MyVLGame.Windows\MyVLGame.Windows.csproj", "{DE768309-84C5-4D61-A7F9-85BB3C8BCE87}"
EndProject
Project("{9A19103F-16F7-4668-BE54-9A1E7A4F7556}") = "MyVLGame.Game", "MyVLGame\MyVLGame.Game\MyVLGame.Game.csproj", "{E5CB3357-6EC8-473B-B5F2-35F0722DB51F}"
EndProject
Project("{2150E333-8FDC-42A3-9474-1A3956D46DE8}") = "VL.Xenko", "VL.Xenko", "{65E8C7A6-53A1-4C1B-ABA7-6CD2BE0F097E}"
EndProject
Project("{9A19103F-16F7-4668-BE54-9A1E7A4F7556}") = "VL.Xenko", "..\..\src\VL.Xenko\VL.Xenko.csproj", "{09E9D592-07AB-44B1-803A-6C2A677225DF}"
EndProject
Project("{9A19103F-16F7-4668-BE54-9A1E7A4F7556}") = "VL.Xenko.EffectLib", "..\..\src\VL.Xenko.EffectLib\VL.Xenko.EffectLib.csproj", "{61B0E417-6247-4E9B-BE34-A9CCC586A653}"
EndProject
Global
	GlobalSection(SolutionConfigurationPlatforms) = preSolution
		AppStore|Any CPU = AppStore|Any CPU
		AppStore|Mixed Platforms = AppStore|Mixed Platforms
		AppStore|Windows = AppStore|Windows
		Debug|Any CPU = Debug|Any CPU
		Debug|Mixed Platforms = Debug|Mixed Platforms
		Debug|Windows = Debug|Windows
		Release|Any CPU = Release|Any CPU
		Release|Mixed Platforms = Release|Mixed Platforms
		Release|Windows = Release|Windows
		Testing|Any CPU = Testing|Any CPU
		Testing|Mixed Platforms = Testing|Mixed Platforms
		Testing|Windows = Testing|Windows
	EndGlobalSection
	GlobalSection(ProjectConfigurationPlatforms) = postSolution
		{DE768309-84C5-4D61-A7F9-85BB3C8BCE87}.AppStore|Any CPU.ActiveCfg = Release|Any CPU
		{DE768309-84C5-4D61-A7F9-85BB3C8BCE87}.AppStore|Any CPU.Build.0 = Release|Any CPU
		{DE768309-84C5-4D61-A7F9-85BB3C8BCE87}.AppStore|Mixed Platforms.ActiveCfg = Release|Any CPU
		{DE768309-84C5-4D61-A7F9-85BB3C8BCE87}.AppStore|Mixed Platforms.Build.0 = Release|Any CPU
		{DE768309-84C5-4D61-A7F9-85BB3C8BCE87}.AppStore|Windows.ActiveCfg = Release|Any CPU
		{DE768309-84C5-4D61-A7F9-85BB3C8BCE87}.AppStore|Windows.Build.0 = Release|Any CPU
		{DE768309-84C5-4D61-A7F9-85BB3C8BCE87}.Debug|Any CPU.ActiveCfg = Debug|Any CPU
		{DE768309-84C5-4D61-A7F9-85BB3C8BCE87}.Debug|Any CPU.Build.0 = Debug|Any CPU
		{DE768309-84C5-4D61-A7F9-85BB3C8BCE87}.Debug|Any CPU.Deploy.0 = Debug|Any CPU
		{DE768309-84C5-4D61-A7F9-85BB3C8BCE87}.Debug|Mixed Platforms.ActiveCfg = Debug|Any CPU
		{DE768309-84C5-4D61-A7F9-85BB3C8BCE87}.Debug|Mixed Platforms.Build.0 = Debug|Any CPU
		{DE768309-84C5-4D61-A7F9-85BB3C8BCE87}.Debug|Mixed Platforms.Deploy.0 = Debug|Any CPU
		{DE768309-84C5-4D61-A7F9-85BB3C8BCE87}.Debug|Windows.ActiveCfg = Debug|Any CPU
		{DE768309-84C5-4D61-A7F9-85BB3C8BCE87}.Debug|Windows.Build.0 = Debug|Any CPU
		{DE768309-84C5-4D61-A7F9-85BB3C8BCE87}.Debug|Windows.Deploy.0 = Debug|Any CPU
		{DE768309-84C5-4D61-A7F9-85BB3C8BCE87}.Release|Any CPU.ActiveCfg = Release|Any CPU
		{DE768309-84C5-4D61-A7F9-85BB3C8BCE87}.Release|Any CPU.Build.0 = Release|Any CPU
		{DE768309-84C5-4D61-A7F9-85BB3C8BCE87}.Release|Any CPU.Deploy.0 = Release|Any CPU
		{DE768309-84C5-4D61-A7F9-85BB3C8BCE87}.Release|Mixed Platforms.ActiveCfg = Release|Any CPU
		{DE768309-84C5-4D61-A7F9-85BB3C8BCE87}.Release|Mixed Platforms.Build.0 = Release|Any CPU
		{DE768309-84C5-4D61-A7F9-85BB3C8BCE87}.Release|Mixed Platforms.Deploy.0 = Release|Any CPU
		{DE768309-84C5-4D61-A7F9-85BB3C8BCE87}.Release|Windows.ActiveCfg = Release|Any CPU
		{DE768309-84C5-4D61-A7F9-85BB3C8BCE87}.Release|Windows.Build.0 = Release|Any CPU
		{DE768309-84C5-4D61-A7F9-85BB3C8BCE87}.Release|Windows.Deploy.0 = Release|Any CPU
		{DE768309-84C5-4D61-A7F9-85BB3C8BCE87}.Testing|Any CPU.ActiveCfg = Release|Any CPU
		{DE768309-84C5-4D61-A7F9-85BB3C8BCE87}.Testing|Any CPU.Build.0 = Release|Any CPU
		{DE768309-84C5-4D61-A7F9-85BB3C8BCE87}.Testing|Mixed Platforms.ActiveCfg = Release|Any CPU
		{DE768309-84C5-4D61-A7F9-85BB3C8BCE87}.Testing|Mixed Platforms.Build.0 = Release|Any CPU
		{DE768309-84C5-4D61-A7F9-85BB3C8BCE87}.Testing|Windows.ActiveCfg = Release|Any CPU
		{DE768309-84C5-4D61-A7F9-85BB3C8BCE87}.Testing|Windows.Build.0 = Release|Any CPU
		{E5CB3357-6EC8-473B-B5F2-35F0722DB51F}.AppStore|Any CPU.ActiveCfg = Release|Any CPU
		{E5CB3357-6EC8-473B-B5F2-35F0722DB51F}.AppStore|Any CPU.Build.0 = Release|Any CPU
		{E5CB3357-6EC8-473B-B5F2-35F0722DB51F}.AppStore|Mixed Platforms.ActiveCfg = Release|Any CPU
		{E5CB3357-6EC8-473B-B5F2-35F0722DB51F}.AppStore|Mixed Platforms.Build.0 = Release|Any CPU
		{E5CB3357-6EC8-473B-B5F2-35F0722DB51F}.AppStore|Windows.ActiveCfg = Release|Any CPU
		{E5CB3357-6EC8-473B-B5F2-35F0722DB51F}.AppStore|Windows.Build.0 = Release|Any CPU
		{E5CB3357-6EC8-473B-B5F2-35F0722DB51F}.Debug|Any CPU.ActiveCfg = Debug|Any CPU
		{E5CB3357-6EC8-473B-B5F2-35F0722DB51F}.Debug|Any CPU.Build.0 = Debug|Any CPU
		{E5CB3357-6EC8-473B-B5F2-35F0722DB51F}.Debug|Mixed Platforms.ActiveCfg = Debug|Any CPU
		{E5CB3357-6EC8-473B-B5F2-35F0722DB51F}.Debug|Mixed Platforms.Build.0 = Debug|Any CPU
		{E5CB3357-6EC8-473B-B5F2-35F0722DB51F}.Debug|Windows.ActiveCfg = Debug|Any CPU
		{E5CB3357-6EC8-473B-B5F2-35F0722DB51F}.Debug|Windows.Build.0 = Debug|Any CPU
		{E5CB3357-6EC8-473B-B5F2-35F0722DB51F}.Release|Any CPU.ActiveCfg = Release|Any CPU
		{E5CB3357-6EC8-473B-B5F2-35F0722DB51F}.Release|Any CPU.Build.0 = Release|Any CPU
		{E5CB3357-6EC8-473B-B5F2-35F0722DB51F}.Release|Mixed Platforms.ActiveCfg = Release|Any CPU
		{E5CB3357-6EC8-473B-B5F2-35F0722DB51F}.Release|Mixed Platforms.Build.0 = Release|Any CPU
		{E5CB3357-6EC8-473B-B5F2-35F0722DB51F}.Release|Windows.ActiveCfg = Release|Any CPU
		{E5CB3357-6EC8-473B-B5F2-35F0722DB51F}.Release|Windows.Build.0 = Release|Any CPU
		{E5CB3357-6EC8-473B-B5F2-35F0722DB51F}.Testing|Any CPU.ActiveCfg = Release|Any CPU
		{E5CB3357-6EC8-473B-B5F2-35F0722DB51F}.Testing|Any CPU.Build.0 = Release|Any CPU
		{E5CB3357-6EC8-473B-B5F2-35F0722DB51F}.Testing|Mixed Platforms.ActiveCfg = Release|Any CPU
		{E5CB3357-6EC8-473B-B5F2-35F0722DB51F}.Testing|Mixed Platforms.Build.0 = Release|Any CPU
		{E5CB3357-6EC8-473B-B5F2-35F0722DB51F}.Testing|Windows.ActiveCfg = Release|Any CPU
		{E5CB3357-6EC8-473B-B5F2-35F0722DB51F}.Testing|Windows.Build.0 = Release|Any CPU
		{09E9D592-07AB-44B1-803A-6C2A677225DF}.AppStore|Any CPU.ActiveCfg = Debug|Any CPU
		{09E9D592-07AB-44B1-803A-6C2A677225DF}.AppStore|Any CPU.Build.0 = Debug|Any CPU
		{09E9D592-07AB-44B1-803A-6C2A677225DF}.AppStore|Mixed Platforms.ActiveCfg = Debug|Any CPU
		{09E9D592-07AB-44B1-803A-6C2A677225DF}.AppStore|Mixed Platforms.Build.0 = Debug|Any CPU
		{09E9D592-07AB-44B1-803A-6C2A677225DF}.AppStore|Windows.ActiveCfg = Debug|Any CPU
		{09E9D592-07AB-44B1-803A-6C2A677225DF}.AppStore|Windows.Build.0 = Debug|Any CPU
		{09E9D592-07AB-44B1-803A-6C2A677225DF}.Debug|Any CPU.ActiveCfg = Debug|Any CPU
		{09E9D592-07AB-44B1-803A-6C2A677225DF}.Debug|Any CPU.Build.0 = Debug|Any CPU
		{09E9D592-07AB-44B1-803A-6C2A677225DF}.Debug|Mixed Platforms.ActiveCfg = Debug|Any CPU
		{09E9D592-07AB-44B1-803A-6C2A677225DF}.Debug|Mixed Platforms.Build.0 = Debug|Any CPU
		{09E9D592-07AB-44B1-803A-6C2A677225DF}.Debug|Windows.ActiveCfg = Debug|Any CPU
		{09E9D592-07AB-44B1-803A-6C2A677225DF}.Debug|Windows.Build.0 = Debug|Any CPU
		{09E9D592-07AB-44B1-803A-6C2A677225DF}.Release|Any CPU.ActiveCfg = Release|Any CPU
		{09E9D592-07AB-44B1-803A-6C2A677225DF}.Release|Any CPU.Build.0 = Release|Any CPU
		{09E9D592-07AB-44B1-803A-6C2A677225DF}.Release|Mixed Platforms.ActiveCfg = Release|Any CPU
		{09E9D592-07AB-44B1-803A-6C2A677225DF}.Release|Mixed Platforms.Build.0 = Release|Any CPU
		{09E9D592-07AB-44B1-803A-6C2A677225DF}.Release|Windows.ActiveCfg = Release|Any CPU
		{09E9D592-07AB-44B1-803A-6C2A677225DF}.Release|Windows.Build.0 = Release|Any CPU
		{09E9D592-07AB-44B1-803A-6C2A677225DF}.Testing|Any CPU.ActiveCfg = Debug|Any CPU
		{09E9D592-07AB-44B1-803A-6C2A677225DF}.Testing|Any CPU.Build.0 = Debug|Any CPU
		{09E9D592-07AB-44B1-803A-6C2A677225DF}.Testing|Mixed Platforms.ActiveCfg = Debug|Any CPU
		{09E9D592-07AB-44B1-803A-6C2A677225DF}.Testing|Mixed Platforms.Build.0 = Debug|Any CPU
		{09E9D592-07AB-44B1-803A-6C2A677225DF}.Testing|Windows.ActiveCfg = Debug|Any CPU
		{09E9D592-07AB-44B1-803A-6C2A677225DF}.Testing|Windows.Build.0 = Debug|Any CPU
		{61B0E417-6247-4E9B-BE34-A9CCC586A653}.AppStore|Any CPU.ActiveCfg = Debug|Any CPU
		{61B0E417-6247-4E9B-BE34-A9CCC586A653}.AppStore|Any CPU.Build.0 = Debug|Any CPU
		{61B0E417-6247-4E9B-BE34-A9CCC586A653}.AppStore|Mixed Platforms.ActiveCfg = Debug|Any CPU
		{61B0E417-6247-4E9B-BE34-A9CCC586A653}.AppStore|Mixed Platforms.Build.0 = Debug|Any CPU
		{61B0E417-6247-4E9B-BE34-A9CCC586A653}.AppStore|Windows.ActiveCfg = Debug|Any CPU
		{61B0E417-6247-4E9B-BE34-A9CCC586A653}.AppStore|Windows.Build.0 = Debug|Any CPU
		{61B0E417-6247-4E9B-BE34-A9CCC586A653}.Debug|Any CPU.ActiveCfg = Debug|Any CPU
		{61B0E417-6247-4E9B-BE34-A9CCC586A653}.Debug|Any CPU.Build.0 = Debug|Any CPU
		{61B0E417-6247-4E9B-BE34-A9CCC586A653}.Debug|Mixed Platforms.ActiveCfg = Debug|Any CPU
		{61B0E417-6247-4E9B-BE34-A9CCC586A653}.Debug|Mixed Platforms.Build.0 = Debug|Any CPU
		{61B0E417-6247-4E9B-BE34-A9CCC586A653}.Debug|Windows.ActiveCfg = Debug|Any CPU
		{61B0E417-6247-4E9B-BE34-A9CCC586A653}.Debug|Windows.Build.0 = Debug|Any CPU
		{61B0E417-6247-4E9B-BE34-A9CCC586A653}.Release|Any CPU.ActiveCfg = Release|Any CPU
		{61B0E417-6247-4E9B-BE34-A9CCC586A653}.Release|Any CPU.Build.0 = Release|Any CPU
		{61B0E417-6247-4E9B-BE34-A9CCC586A653}.Release|Mixed Platforms.ActiveCfg = Release|Any CPU
		{61B0E417-6247-4E9B-BE34-A9CCC586A653}.Release|Mixed Platforms.Build.0 = Release|Any CPU
		{61B0E417-6247-4E9B-BE34-A9CCC586A653}.Release|Windows.ActiveCfg = Release|Any CPU
		{61B0E417-6247-4E9B-BE34-A9CCC586A653}.Release|Windows.Build.0 = Release|Any CPU
		{61B0E417-6247-4E9B-BE34-A9CCC586A653}.Testing|Any CPU.ActiveCfg = Debug|Any CPU
		{61B0E417-6247-4E9B-BE34-A9CCC586A653}.Testing|Any CPU.Build.0 = Debug|Any CPU
		{61B0E417-6247-4E9B-BE34-A9CCC586A653}.Testing|Mixed Platforms.ActiveCfg = Debug|Any CPU
		{61B0E417-6247-4E9B-BE34-A9CCC586A653}.Testing|Mixed Platforms.Build.0 = Debug|Any CPU
		{61B0E417-6247-4E9B-BE34-A9CCC586A653}.Testing|Windows.ActiveCfg = Debug|Any CPU
		{61B0E417-6247-4E9B-BE34-A9CCC586A653}.Testing|Windows.Build.0 = Debug|Any CPU
	EndGlobalSection
	GlobalSection(SolutionProperties) = preSolution
		HideSolutionNode = FALSE
	EndGlobalSection
	GlobalSection(NestedProjects) = preSolution
		{DE768309-84C5-4D61-A7F9-85BB3C8BCE87} = {CF98AC46-080A-4AFE-B154-48046B5A8B33}
		{E5CB3357-6EC8-473B-B5F2-35F0722DB51F} = {CF98AC46-080A-4AFE-B154-48046B5A8B33}
		{09E9D592-07AB-44B1-803A-6C2A677225DF} = {65E8C7A6-53A1-4C1B-ABA7-6CD2BE0F097E}
		{61B0E417-6247-4E9B-BE34-A9CCC586A653} = {65E8C7A6-53A1-4C1B-ABA7-6CD2BE0F097E}
	EndGlobalSection
	GlobalSection(ExtensibilityGlobals) = postSolution
		SolutionGuid = {EA4063D7-F9A0-4D55-8F7F-BCC6FFA4296B}
	EndGlobalSection
EndGlobal
