
Microsoft Visual Studio Solution File, Format Version 12.00
# Visual Studio Version 16
VisualStudioVersion = 16.0.0.0
MinimumVisualStudioVersion = 16.0.0.0
Project("{9A19103F-16F7-4668-BE54-9A1E7A4F7556}") = "TestGame", "TestGame\TestGame.csproj", "{E6997BC0-DB23-4E6E-8240-45209FDFDF25}"
EndProject
Project("{9A19103F-16F7-4668-BE54-9A1E7A4F7556}") = "TestGame.Windows", "TestGame.Windows\TestGame.Windows.csproj", "{A4748BC3-33B0-476B-A0B2-04174EEF6FF8}"
EndProject
Project("{FAE04EC0-301F-11D3-BF4B-00C04F79EFBC}") = "VL.Xenko", "..\packages\VL.Xenko\src\VL.Xenko.csproj", "{816D501D-F844-4B06-A1DB-C27786827E2E}"
EndProject
Project("{FAE04EC0-301F-11D3-BF4B-00C04F79EFBC}") = "VL.Xenko.Integration", "..\packages\VL.Xenko.Integration\VL.Xenko.Integration.csproj", "{5DB4B157-F5FD-440F-9359-ED5A58D8FA17}"
EndProject
Project("{FAE04EC0-301F-11D3-BF4B-00C04F79EFBC}") = "VL.Xenko.Windows", "..\packages\VL.Xenko.Windows\src\VL.Xenko.Windows.csproj", "{E65C8802-5EB0-44BB-9754-0DA4158CB28F}"
EndProject
Global
	GlobalSection(SolutionConfigurationPlatforms) = preSolution
		Debug|Any CPU = Debug|Any CPU
		Release|Any CPU = Release|Any CPU
	EndGlobalSection
	GlobalSection(ProjectConfigurationPlatforms) = postSolution
		{E6997BC0-DB23-4E6E-8240-45209FDFDF25}.Debug|Any CPU.ActiveCfg = Debug|Any CPU
		{E6997BC0-DB23-4E6E-8240-45209FDFDF25}.Debug|Any CPU.Build.0 = Debug|Any CPU
		{E6997BC0-DB23-4E6E-8240-45209FDFDF25}.Release|Any CPU.ActiveCfg = Release|Any CPU
		{E6997BC0-DB23-4E6E-8240-45209FDFDF25}.Release|Any CPU.Build.0 = Release|Any CPU
		{A4748BC3-33B0-476B-A0B2-04174EEF6FF8}.Debug|Any CPU.ActiveCfg = Debug|Any CPU
		{A4748BC3-33B0-476B-A0B2-04174EEF6FF8}.Debug|Any CPU.Build.0 = Debug|Any CPU
		{A4748BC3-33B0-476B-A0B2-04174EEF6FF8}.Release|Any CPU.ActiveCfg = Release|Any CPU
		{A4748BC3-33B0-476B-A0B2-04174EEF6FF8}.Release|Any CPU.Build.0 = Release|Any CPU
	EndGlobalSection
	GlobalSection(SolutionProperties) = preSolution
		HideSolutionNode = FALSE
	EndGlobalSection
	GlobalSection(ExtensibilityGlobals) = postSolution
		SolutionGuid = {8D0CFB6F-6A9D-4866-87D5-13FFE1046911}
	EndGlobalSection
EndGlobal
