
Microsoft Visual Studio Solution File, Format Version 12.00
# Visual Studio 14
VisualStudioVersion = 14.0.23107.0
MinimumVisualStudioVersion = 14.0.23107.0
Project("{FAE04EC0-301F-11D3-BF4B-00C04F79EFBC}") = "WorkshopGame.Windows", "WorkshopGame.Windows\WorkshopGame.Windows.csproj", "{07C92750-7752-4288-B189-BE131A0B83CC}"
EndProject
Project("{FAE04EC0-301F-11D3-BF4B-00C04F79EFBC}") = "WorkshopGame", "WorkshopGame\WorkshopGame.csproj", "{5BF4D877-FE29-4A7B-8E04-397ACE03D258}"
EndProject
Global
EndGlobal
