
Microsoft Visual Studio Solution File, Format Version 12.00
# Visual Studio 15
VisualStudioVersion = 15.0.27703.2047
MinimumVisualStudioVersion = 10.0.40219.1
Project("{FAE04EC0-301F-11D3-BF4B-00C04F79EFBC}") = "VL.Xenko", "VL.Xenko.csproj", "{7EF31295-FF1F-48ED-AF5D-95BCCFDF9312}"
EndProject
Global
	GlobalSection(SolutionConfigurationPlatforms) = preSolution
		Debug|Any CPU = Debug|Any CPU
		Release|Any CPU = Release|Any CPU
	EndGlobalSection
	GlobalSection(ProjectConfigurationPlatforms) = postSolution
		{7EF31295-FF1F-48ED-AF5D-95BCCFDF9312}.Debug|Any CPU.ActiveCfg = Debug|Any CPU
		{7EF31295-FF1F-48ED-AF5D-95BCCFDF9312}.Debug|Any CPU.Build.0 = Debug|Any CPU
		{7EF31295-FF1F-48ED-AF5D-95BCCFDF9312}.Release|Any CPU.ActiveCfg = Release|Any CPU
		{7EF31295-FF1F-48ED-AF5D-95BCCFDF9312}.Release|Any CPU.Build.0 = Release|Any CPU
	EndGlobalSection
	GlobalSection(SolutionProperties) = preSolution
		HideSolutionNode = FALSE
	EndGlobalSection
	GlobalSection(ExtensibilityGlobals) = postSolution
		SolutionGuid = {35F1E6A2-888B-42F9-8F5E-ABF3415FC499}
	EndGlobalSection
EndGlobal
