Microsoft Visual Studio Solution File, Format Version 12.00
# Visual Studio Version 16
VisualStudioVersion = 16.0.29709.97
MinimumVisualStudioVersion = 10.0.40219.1
Project("{9A19103F-16F7-4668-BE54-9A1E7A4F7556}") = "VL.Stride.Runtime", "VL.Stride.Runtime\src\VL.Stride.Runtime.csproj", "{7EF31295-FF1F-48ED-AF5D-95BCCFDF9312}"
EndProject
Project("{2150E333-8FDC-42A3-9474-1A3956D46DE8}") = "Solution Items", "Solution Items", "{A1B9BD6A-4609-4198-8F12-69CE126A80ED}"
	ProjectSection(SolutionItems) = preProject
		Directory.Build.props = Directory.Build.props
		Directory.Build.targets = Directory.Build.targets
		..\NuGet.config = ..\NuGet.config
		..\README.md = ..\README.md
		..\version.json = ..\version.json
	EndProjectSection
EndProject
Project("{9A19103F-16F7-4668-BE54-9A1E7A4F7556}") = "VL.Stride.Integration", "VL.Stride.Integration\src\VL.Stride.Integration.csproj", "{95E6796B-8621-4715-982A-E196B7748A3F}"
EndProject
Project("{9A19103F-16F7-4668-BE54-9A1E7A4F7556}") = "TestGame", "TestGame\TestGame\TestGame.csproj", "{F4A45871-9DBA-4029-85C7-BF1950D48E62}"
EndProject
Project("{9A19103F-16F7-4668-BE54-9A1E7A4F7556}") = "TestGame.Windows", "TestGame\TestGame.Windows\TestGame.Windows.csproj", "{A7797064-83C6-45A4-8B22-0FE710744FD4}"
EndProject
Project("{9A19103F-16F7-4668-BE54-9A1E7A4F7556}") = "StrideLiveEditor", "StrideLiveEditor\StrideLiveEditor\StrideLiveEditor.csproj", "{A35FC840-D9AB-419A-BC9F-18FD36580FF9}"
EndProject
Project("{9A19103F-16F7-4668-BE54-9A1E7A4F7556}") = "VL.Stride.Windows", "VL.Stride.Windows\src\VL.Stride.Windows.csproj", "{31DE491D-F710-4931-8DF9-F8074333CE7C}"
EndProject
Project("{9A19103F-16F7-4668-BE54-9A1E7A4F7556}") = "VL.Stride.DefaultAssets", "VL.Stride.DefaultAssets\VL.Stride.DefaultAssets.csproj", "{38D12048-2E40-4EE8-AD2F-5D36F53E13A1}"
EndProject
Project("{9A19103F-16F7-4668-BE54-9A1E7A4F7556}") = "VL.Stride", "VL.Stride\src\VL.Stride.csproj", "{0845B9A3-4836-413C-8280-EDAC8227ED7F}"
EndProject
Global
	GlobalSection(SolutionConfigurationPlatforms) = preSolution
		Debug|Any CPU = Debug|Any CPU
		Packages|Any CPU = Packages|Any CPU
		Release|Any CPU = Release|Any CPU
	EndGlobalSection
	GlobalSection(ProjectConfigurationPlatforms) = postSolution
		{7EF31295-FF1F-48ED-AF5D-95BCCFDF9312}.Debug|Any CPU.ActiveCfg = Debug|Any CPU
		{7EF31295-FF1F-48ED-AF5D-95BCCFDF9312}.Debug|Any CPU.Build.0 = Debug|Any CPU
		{7EF31295-FF1F-48ED-AF5D-95BCCFDF9312}.Packages|Any CPU.ActiveCfg = Packages|Any CPU
		{7EF31295-FF1F-48ED-AF5D-95BCCFDF9312}.Packages|Any CPU.Build.0 = Packages|Any CPU
		{7EF31295-FF1F-48ED-AF5D-95BCCFDF9312}.Release|Any CPU.ActiveCfg = Release|Any CPU
		{7EF31295-FF1F-48ED-AF5D-95BCCFDF9312}.Release|Any CPU.Build.0 = Release|Any CPU
		{95E6796B-8621-4715-982A-E196B7748A3F}.Debug|Any CPU.ActiveCfg = Debug|Any CPU
		{95E6796B-8621-4715-982A-E196B7748A3F}.Debug|Any CPU.Build.0 = Debug|Any CPU
		{95E6796B-8621-4715-982A-E196B7748A3F}.Packages|Any CPU.ActiveCfg = Packages|Any CPU
		{95E6796B-8621-4715-982A-E196B7748A3F}.Packages|Any CPU.Build.0 = Packages|Any CPU
		{95E6796B-8621-4715-982A-E196B7748A3F}.Release|Any CPU.ActiveCfg = Release|Any CPU
		{95E6796B-8621-4715-982A-E196B7748A3F}.Release|Any CPU.Build.0 = Release|Any CPU
		{F4A45871-9DBA-4029-85C7-BF1950D48E62}.Debug|Any CPU.ActiveCfg = Debug|Any CPU
		{F4A45871-9DBA-4029-85C7-BF1950D48E62}.Debug|Any CPU.Build.0 = Debug|Any CPU
		{F4A45871-9DBA-4029-85C7-BF1950D48E62}.Packages|Any CPU.ActiveCfg = Packages|Any CPU
		{F4A45871-9DBA-4029-85C7-BF1950D48E62}.Packages|Any CPU.Build.0 = Packages|Any CPU
		{F4A45871-9DBA-4029-85C7-BF1950D48E62}.Release|Any CPU.ActiveCfg = Release|Any CPU
		{F4A45871-9DBA-4029-85C7-BF1950D48E62}.Release|Any CPU.Build.0 = Release|Any CPU
		{A7797064-83C6-45A4-8B22-0FE710744FD4}.Debug|Any CPU.ActiveCfg = Debug|Any CPU
		{A7797064-83C6-45A4-8B22-0FE710744FD4}.Debug|Any CPU.Build.0 = Debug|Any CPU
		{A7797064-83C6-45A4-8B22-0FE710744FD4}.Packages|Any CPU.ActiveCfg = Packages|Any CPU
		{A7797064-83C6-45A4-8B22-0FE710744FD4}.Packages|Any CPU.Build.0 = Packages|Any CPU
		{A7797064-83C6-45A4-8B22-0FE710744FD4}.Release|Any CPU.ActiveCfg = Release|Any CPU
		{A7797064-83C6-45A4-8B22-0FE710744FD4}.Release|Any CPU.Build.0 = Release|Any CPU
		{A35FC840-D9AB-419A-BC9F-18FD36580FF9}.Debug|Any CPU.ActiveCfg = Debug|Any CPU
		{A35FC840-D9AB-419A-BC9F-18FD36580FF9}.Debug|Any CPU.Build.0 = Debug|Any CPU
		{A35FC840-D9AB-419A-BC9F-18FD36580FF9}.Packages|Any CPU.ActiveCfg = Packages|Any CPU
		{A35FC840-D9AB-419A-BC9F-18FD36580FF9}.Packages|Any CPU.Build.0 = Packages|Any CPU
		{A35FC840-D9AB-419A-BC9F-18FD36580FF9}.Release|Any CPU.ActiveCfg = Release|Any CPU
		{A35FC840-D9AB-419A-BC9F-18FD36580FF9}.Release|Any CPU.Build.0 = Release|Any CPU
		{31DE491D-F710-4931-8DF9-F8074333CE7C}.Debug|Any CPU.ActiveCfg = Debug|Any CPU
		{31DE491D-F710-4931-8DF9-F8074333CE7C}.Debug|Any CPU.Build.0 = Debug|Any CPU
		{31DE491D-F710-4931-8DF9-F8074333CE7C}.Packages|Any CPU.ActiveCfg = Packages|Any CPU
		{31DE491D-F710-4931-8DF9-F8074333CE7C}.Packages|Any CPU.Build.0 = Packages|Any CPU
		{31DE491D-F710-4931-8DF9-F8074333CE7C}.Release|Any CPU.ActiveCfg = Release|Any CPU
		{31DE491D-F710-4931-8DF9-F8074333CE7C}.Release|Any CPU.Build.0 = Release|Any CPU
		{38D12048-2E40-4EE8-AD2F-5D36F53E13A1}.Debug|Any CPU.ActiveCfg = Debug|Any CPU
		{38D12048-2E40-4EE8-AD2F-5D36F53E13A1}.Debug|Any CPU.Build.0 = Debug|Any CPU
		{38D12048-2E40-4EE8-AD2F-5D36F53E13A1}.Packages|Any CPU.ActiveCfg = Packages|Any CPU
		{38D12048-2E40-4EE8-AD2F-5D36F53E13A1}.Packages|Any CPU.Build.0 = Packages|Any CPU
		{38D12048-2E40-4EE8-AD2F-5D36F53E13A1}.Release|Any CPU.ActiveCfg = Release|Any CPU
		{38D12048-2E40-4EE8-AD2F-5D36F53E13A1}.Release|Any CPU.Build.0 = Release|Any CPU
		{0845B9A3-4836-413C-8280-EDAC8227ED7F}.Debug|Any CPU.ActiveCfg = Debug|Any CPU
		{0845B9A3-4836-413C-8280-EDAC8227ED7F}.Debug|Any CPU.Build.0 = Debug|Any CPU
		{0845B9A3-4836-413C-8280-EDAC8227ED7F}.Packages|Any CPU.ActiveCfg = Packages|Any CPU
		{0845B9A3-4836-413C-8280-EDAC8227ED7F}.Packages|Any CPU.Build.0 = Packages|Any CPU
		{0845B9A3-4836-413C-8280-EDAC8227ED7F}.Release|Any CPU.ActiveCfg = Release|Any CPU
		{0845B9A3-4836-413C-8280-EDAC8227ED7F}.Release|Any CPU.Build.0 = Release|Any CPU
	EndGlobalSection
	GlobalSection(SolutionProperties) = preSolution
		HideSolutionNode = FALSE
	EndGlobalSection
	GlobalSection(ExtensibilityGlobals) = postSolution
		SolutionGuid = {35F1E6A2-888B-42F9-8F5E-ABF3415FC499}
	EndGlobalSection
EndGlobal
